
Microsoft Visual Studio Solution File, Format Version 12.00
# Visual Studio 2013
VisualStudioVersion = 12.0.31101.0
MinimumVisualStudioVersion = 10.0.40219.1
Project("{FAE04EC0-301F-11D3-BF4B-00C04F79EFBC}") = "DNTScheduler", "DNTScheduler\DNTScheduler.csproj", "{5380B9C5-772B-4F2C-AB78-29C41E7E6B04}"
EndProject
Project("{FAE04EC0-301F-11D3-BF4B-00C04F79EFBC}") = "DNTScheduler.TestWebApplication", "DNTScheduler.TestWebApplication\DNTScheduler.TestWebApplication.csproj", "{38D5598B-2532-4103-9588-2C178DA6E885}"
EndProject
Project("{2150E333-8FDC-42A3-9474-1A3956D46DE8}") = ".nuget", ".nuget", "{F541C170-8699-48D6-B77B-8006A5471DCE}"
	ProjectSection(SolutionItems) = preProject
		.nuget\NuGet.Config = .nuget\NuGet.Config
		.nuget\NuGet.exe = .nuget\NuGet.exe
		.nuget\NuGet.targets = .nuget\NuGet.targets
	EndProjectSection
EndProject
Project("{2150E333-8FDC-42A3-9474-1A3956D46DE8}") = "Solution Items", "Solution Items", "{B44E022F-B699-44C5-99AC-A5C3859E681F}"
	ProjectSection(SolutionItems) = preProject
		LICENSE.md = LICENSE.md
		README.md = README.md
	EndProjectSection
EndProject
Global
	GlobalSection(SolutionConfigurationPlatforms) = preSolution
		Debug|Any CPU = Debug|Any CPU
		Release|Any CPU = Release|Any CPU
	EndGlobalSection
	GlobalSection(ProjectConfigurationPlatforms) = postSolution
		{5380B9C5-772B-4F2C-AB78-29C41E7E6B04}.Debug|Any CPU.ActiveCfg = Release|Any CPU
		{5380B9C5-772B-4F2C-AB78-29C41E7E6B04}.Debug|Any CPU.Build.0 = Release|Any CPU
		{5380B9C5-772B-4F2C-AB78-29C41E7E6B04}.Release|Any CPU.ActiveCfg = Release|Any CPU
		{5380B9C5-772B-4F2C-AB78-29C41E7E6B04}.Release|Any CPU.Build.0 = Release|Any CPU
		{38D5598B-2532-4103-9588-2C178DA6E885}.Debug|Any CPU.ActiveCfg = Debug|Any CPU
		{38D5598B-2532-4103-9588-2C178DA6E885}.Debug|Any CPU.Build.0 = Debug|Any CPU
		{38D5598B-2532-4103-9588-2C178DA6E885}.Release|Any CPU.ActiveCfg = Release|Any CPU
		{38D5598B-2532-4103-9588-2C178DA6E885}.Release|Any CPU.Build.0 = Release|Any CPU
	EndGlobalSection
	GlobalSection(SolutionProperties) = preSolution
		HideSolutionNode = FALSE
	EndGlobalSection
EndGlobal
